Microsoft Visual Studio Solution File, Format Version 12.00
# Visual Studio Version 17
VisualStudioVersion = 17.5.2.0
MinimumVisualStudioVersion = 10.0.40219.1
Project("{FAE04EC0-301F-11D3-BF4B-00C04F79EFBC}") = "TruckStopIntegration", "TruckStopIntegration.csproj", "{15B501AB-49C4-138E-D739-1D5123E26E59}"
EndProject
Global
	GlobalSection(SolutionConfigurationPlatforms) = preSolution
		Debug|Any CPU = Debug|Any CPU
		Release|Any CPU = Release|Any CPU
	EndGlobalSection
	GlobalSection(ProjectConfigurationPlatforms) = postSolution
		{15B501AB-49C4-138E-D739-1D5123E26E59}.Debug|Any CPU.ActiveCfg = Debug|Any CPU
		{15B501AB-49C4-138E-D739-1D5123E26E59}.Debug|Any CPU.Build.0 = Debug|Any CPU
		{15B501AB-49C4-138E-D739-1D5123E26E59}.Release|Any CPU.ActiveCfg = Release|Any CPU
		{15B501AB-49C4-138E-D739-1D5123E26E59}.Release|Any CPU.Build.0 = Release|Any CPU
	EndGlobalSection
	GlobalSection(SolutionProperties) = preSolution
		HideSolutionNode = FALSE
	EndGlobalSection
	GlobalSection(ExtensibilityGlobals) = postSolution
		SolutionGuid = {047B99C1-2685-4E7B-9DF0-1E3112105E79}
	EndGlobalSection
EndGlobal
